// !$*UTF8*$!
{
	archiveVersion = 1;
	classes = {
	};
	objectVersion = 50;
	objects = {

/* Begin PBXBuildFile section */
		EE98384A2375D118008747B9 /* AppDelegate.swift in Sources */ = {isa = PBXBuildFile; fileRef = EE9838492375D118008747B9 /* AppDelegate.swift */; };
		EE9838512375D118008747B9 /* Main.storyboard in Resources */ = {isa = PBXBuildFile; fileRef = EE98384F2375D118008747B9 /* Main.storyboard */; };
		EE9838532375D11D008747B9 /* Assets.xcassets in Resources */ = {isa = PBXBuildFile; fileRef = EE9838522375D11D008747B9 /* Assets.xcassets */; };
		EE9838562375D11D008747B9 /* LaunchScreen.storyboard in Resources */ = {isa = PBXBuildFile; fileRef = EE9838542375D11D008747B9 /* LaunchScreen.storyboard */; };
		EE9838612375D11D008747B9 /* GorilaTestTests.swift in Sources */ = {isa = PBXBuildFile; fileRef = EE9838602375D11D008747B9 /* GorilaTestTests.swift */; };
		EE98387E2375D71A008747B9 /* Recipe.swift in Sources */ = {isa = PBXBuildFile; fileRef = EE98387D2375D71A008747B9 /* Recipe.swift */; };
		EE9838802375D7EB008747B9 /* ProductsViewController.swift in Sources */ = {isa = PBXBuildFile; fileRef = EE98387F2375D7EB008747B9 /* ProductsViewController.swift */; };
		EE9838822375D80F008747B9 /* ItemCollectionViewCell.swift in Sources */ = {isa = PBXBuildFile; fileRef = EE9838812375D80F008747B9 /* ItemCollectionViewCell.swift */; };
		EE9838842375D819008747B9 /* ProductsDataSource.swift in Sources */ = {isa = PBXBuildFile; fileRef = EE9838832375D819008747B9 /* ProductsDataSource.swift */; };
		EE9838862375D829008747B9 /* ProductsWireframe.swift in Sources */ = {isa = PBXBuildFile; fileRef = EE9838852375D829008747B9 /* ProductsWireframe.swift */; };
		EE9838882375D832008747B9 /* ProductsPresenter.swift in Sources */ = {isa = PBXBuildFile; fileRef = EE9838872375D832008747B9 /* ProductsPresenter.swift */; };
		EE98388A2375D84A008747B9 /* ReceiptViewController.swift in Sources */ = {isa = PBXBuildFile; fileRef = EE9838892375D84A008747B9 /* ReceiptViewController.swift */; };
		EE98388C2375D869008747B9 /* ReceiptWireframe.swift in Sources */ = {isa = PBXBuildFile; fileRef = EE98388B2375D869008747B9 /* ReceiptWireframe.swift */; };
		EE98388E2375D877008747B9 /* ReceiptPresenter.swift in Sources */ = {isa = PBXBuildFile; fileRef = EE98388D2375D877008747B9 /* ReceiptPresenter.swift */; };
		EE9838902375D891008747B9 /* ReceiptDatasource.swift in Sources */ = {isa = PBXBuildFile; fileRef = EE98388F2375D891008747B9 /* ReceiptDatasource.swift */; };
		EE9838922375D8A5008747B9 /* ReceiptCollectionViewCell.swift in Sources */ = {isa = PBXBuildFile; fileRef = EE9838912375D8A5008747B9 /* ReceiptCollectionViewCell.swift */; };
/* End PBXBuildFile section */

/* Begin PBXContainerItemProxy section */
		EE98385D2375D11D008747B9 /* PBXContainerItemProxy */ = {
			isa = PBXContainerItemProxy;
			containerPortal = EE98383E2375D118008747B9 /* Project object */;
			proxyType = 1;
			remoteGlobalIDString = EE9838452375D118008747B9;
			remoteInfo = GorilaTest;
		};
/* End PBXContainerItemProxy section */

/* Begin PBXFileReference section */
		EE9838462375D118008747B9 /* GorilaTest.app */ = {isa = PBXFileReference; explicitFileType = wrapper.application; includeInIndex = 0; path = GorilaTest.app; sourceTree = BUILT_PRODUCTS_DIR; };
		EE9838492375D118008747B9 /* AppDelegate.swift */ = {isa = PBXFileReference; lastKnownFileType = sourcecode.swift; path = AppDelegate.swift; sourceTree = "<group>"; };
		EE9838502375D118008747B9 /* Base */ = {isa = PBXFileReference; lastKnownFileType = file.storyboard; name = Base; path = Base.lproj/Main.storyboard; sourceTree = "<group>"; };
		EE9838522375D11D008747B9 /* Assets.xcassets */ = {isa = PBXFileReference; lastKnownFileType = folder.assetcatalog; path = Assets.xcassets; sourceTree = "<group>"; };
		EE9838552375D11D008747B9 /* Base */ = {isa = PBXFileReference; lastKnownFileType = file.storyboard; name = Base; path = Base.lproj/LaunchScreen.storyboard; sourceTree = "<group>"; };
		EE9838572375D11D008747B9 /* Info.plist */ = {isa = PBXFileReference; lastKnownFileType = text.plist.xml; path = Info.plist; sourceTree = "<group>"; };
		EE98385C2375D11D008747B9 /* GorilaTestTests.xctest */ = {isa = PBXFileReference; explicitFileType = wrapper.cfbundle; includeInIndex = 0; path = GorilaTestTests.xctest; sourceTree = BUILT_PRODUCTS_DIR; };
		EE9838602375D11D008747B9 /* GorilaTestTests.swift */ = {isa = PBXFileReference; lastKnownFileType = sourcecode.swift; path = GorilaTestTests.swift; sourceTree = "<group>"; };
		EE9838622375D11D008747B9 /* Info.plist */ = {isa = PBXFileReference; lastKnownFileType = text.plist.xml; path = Info.plist; sourceTree = "<group>"; };
		EE98387D2375D71A008747B9 /* Recipe.swift */ = {isa = PBXFileReference; lastKnownFileType = sourcecode.swift; path = Recipe.swift; sourceTree = "<group>"; };
		EE98387F2375D7EB008747B9 /* ProductsViewController.swift */ = {isa = PBXFileReference; lastKnownFileType = sourcecode.swift; path = ProductsViewController.swift; sourceTree = "<group>"; };
		EE9838812375D80F008747B9 /* ItemCollectionViewCell.swift */ = {isa = PBXFileReference; lastKnownFileType = sourcecode.swift; path = ItemCollectionViewCell.swift; sourceTree = "<group>"; };
		EE9838832375D819008747B9 /* ProductsDataSource.swift */ = {isa = PBXFileReference; lastKnownFileType = sourcecode.swift; path = ProductsDataSource.swift; sourceTree = "<group>"; };
		EE9838852375D829008747B9 /* ProductsWireframe.swift */ = {isa = PBXFileReference; lastKnownFileType = sourcecode.swift; path = ProductsWireframe.swift; sourceTree = "<group>"; };
		EE9838872375D832008747B9 /* ProductsPresenter.swift */ = {isa = PBXFileReference; lastKnownFileType = sourcecode.swift; path = ProductsPresenter.swift; sourceTree = "<group>"; };
		EE9838892375D84A008747B9 /* ReceiptViewController.swift */ = {isa = PBXFileReference; lastKnownFileType = sourcecode.swift; path = ReceiptViewController.swift; sourceTree = "<group>"; };
		EE98388B2375D869008747B9 /* ReceiptWireframe.swift */ = {isa = PBXFileReference; lastKnownFileType = sourcecode.swift; path = ReceiptWireframe.swift; sourceTree = "<group>"; };
		EE98388D2375D877008747B9 /* ReceiptPresenter.swift */ = {isa = PBXFileReference; lastKnownFileType = sourcecode.swift; path = ReceiptPresenter.swift; sourceTree = "<group>"; };
		EE98388F2375D891008747B9 /* ReceiptDatasource.swift */ = {isa = PBXFileReference; lastKnownFileType = sourcecode.swift; path = ReceiptDatasource.swift; sourceTree = "<group>"; };
		EE9838912375D8A5008747B9 /* ReceiptCollectionViewCell.swift */ = {isa = PBXFileReference; lastKnownFileType = sourcecode.swift; path = ReceiptCollectionViewCell.swift; sourceTree = "<group>"; };
/* End PBXFileReference section */

/* Begin PBXFrameworksBuildPhase section */
		EE9838432375D118008747B9 /* Frameworks */ = {
			isa = PBXFrameworksBuildPhase;
			buildActionMask = 2147483647;
			files = (
			);
			runOnlyForDeploymentPostprocessing = 0;
		};
		EE9838592375D11D008747B9 /* Frameworks */ = {
			isa = PBXFrameworksBuildPhase;
			buildActionMask = 2147483647;
			files = (
			);
			runOnlyForDeploymentPostprocessing = 0;
		};
/* End PBXFrameworksBuildPhase section */

/* Begin PBXGroup section */
		EE98383D2375D118008747B9 = {
			isa = PBXGroup;
			children = (
				EE9838482375D118008747B9 /* GorilaTest */,
				EE98385F2375D11D008747B9 /* GorilaTestTests */,
				EE9838472375D118008747B9 /* Products */,
			);
			sourceTree = "<group>";
		};
		EE9838472375D118008747B9 /* Products */ = {
			isa = PBXGroup;
			children = (
				EE9838462375D118008747B9 /* GorilaTest.app */,
				EE98385C2375D11D008747B9 /* GorilaTestTests.xctest */,
			);
			name = Products;
			sourceTree = "<group>";
		};
		EE9838482375D118008747B9 /* GorilaTest */ = {
			isa = PBXGroup;
			children = (
				EE9838492375D118008747B9 /* AppDelegate.swift */,
				EE98387C2375D6AB008747B9 /* Models */,
				EE98386F2375D6AB008747B9 /* Modules */,
				EE98384F2375D118008747B9 /* Main.storyboard */,
				EE9838522375D11D008747B9 /* Assets.xcassets */,
				EE9838542375D11D008747B9 /* LaunchScreen.storyboard */,
				EE9838572375D11D008747B9 /* Info.plist */,
			);
			path = GorilaTest;
			sourceTree = "<group>";
		};
		EE98385F2375D11D008747B9 /* GorilaTestTests */ = {
			isa = PBXGroup;
			children = (
				EE9838602375D11D008747B9 /* GorilaTestTests.swift */,
				EE9838622375D11D008747B9 /* Info.plist */,
			);
			path = GorilaTestTests;
			sourceTree = "<group>";
		};
		EE98386F2375D6AB008747B9 /* Modules */ = {
			isa = PBXGroup;
			children = (
				EE9838702375D6AB008747B9 /* Products */,
				EE9838762375D6AB008747B9 /* Receipt */,
			);
			path = Modules;
			sourceTree = "<group>";
		};
		EE9838702375D6AB008747B9 /* Products */ = {
			isa = PBXGroup;
			children = (
				EE9838712375D6AB008747B9 /* Presenter */,
				EE9838722375D6AB008747B9 /* Wireframe */,
				EE9838732375D6AB008747B9 /* View */,
			);
			path = Products;
			sourceTree = "<group>";
		};
		EE9838712375D6AB008747B9 /* Presenter */ = {
			isa = PBXGroup;
			children = (
				EE9838872375D832008747B9 /* ProductsPresenter.swift */,
			);
			path = Presenter;
			sourceTree = "<group>";
		};
		EE9838722375D6AB008747B9 /* Wireframe */ = {
			isa = PBXGroup;
			children = (
				EE9838852375D829008747B9 /* ProductsWireframe.swift */,
			);
			path = Wireframe;
			sourceTree = "<group>";
		};
		EE9838732375D6AB008747B9 /* View */ = {
			isa = PBXGroup;
			children = (
				EE9838742375D6AB008747B9 /* DataSource */,
				EE9838752375D6AB008747B9 /* Cells */,
				EE98387F2375D7EB008747B9 /* ProductsViewController.swift */,
			);
			path = View;
			sourceTree = "<group>";
		};
		EE9838742375D6AB008747B9 /* DataSource */ = {
			isa = PBXGroup;
			children = (
				EE9838832375D819008747B9 /* ProductsDataSource.swift */,
			);
			path = DataSource;
			sourceTree = "<group>";
		};
		EE9838752375D6AB008747B9 /* Cells */ = {
			isa = PBXGroup;
			children = (
				EE9838812375D80F008747B9 /* ItemCollectionViewCell.swift */,
			);
			path = Cells;
			sourceTree = "<group>";
		};
		EE9838762375D6AB008747B9 /* Receipt */ = {
			isa = PBXGroup;
			children = (
				EE9838772375D6AB008747B9 /* Presenter */,
				EE9838782375D6AB008747B9 /* Wireframe */,
				EE9838792375D6AB008747B9 /* View */,
			);
			path = Receipt;
			sourceTree = "<group>";
		};
		EE9838772375D6AB008747B9 /* Presenter */ = {
			isa = PBXGroup;
			children = (
				EE98388D2375D877008747B9 /* ReceiptPresenter.swift */,
			);
			path = Presenter;
			sourceTree = "<group>";
		};
		EE9838782375D6AB008747B9 /* Wireframe */ = {
			isa = PBXGroup;
			children = (
				EE98388B2375D869008747B9 /* ReceiptWireframe.swift */,
			);
			path = Wireframe;
			sourceTree = "<group>";
		};
		EE9838792375D6AB008747B9 /* View */ = {
			isa = PBXGroup;
			children = (
				EE98387A2375D6AB008747B9 /* DataSource */,
				EE98387B2375D6AB008747B9 /* Cells */,
				EE9838892375D84A008747B9 /* ReceiptViewController.swift */,
			);
			path = View;
			sourceTree = "<group>";
		};
		EE98387A2375D6AB008747B9 /* DataSource */ = {
			isa = PBXGroup;
			children = (
				EE98388F2375D891008747B9 /* ReceiptDatasource.swift */,
			);
			path = DataSource;
			sourceTree = "<group>";
		};
		EE98387B2375D6AB008747B9 /* Cells */ = {
			isa = PBXGroup;
			children = (
				EE9838912375D8A5008747B9 /* ReceiptCollectionViewCell.swift */,
			);
			path = Cells;
			sourceTree = "<group>";
		};
		EE98387C2375D6AB008747B9 /* Models */ = {
			isa = PBXGroup;
			children = (
				EE98387D2375D71A008747B9 /* Recipe.swift */,
			);
			path = Models;
			sourceTree = "<group>";
		};
/* End PBXGroup section */

/* Begin PBXNativeTarget section */
		EE9838452375D118008747B9 /* GorilaTest */ = {
			isa = PBXNativeTarget;
			buildConfigurationList = EE9838652375D11D008747B9 /* Build configuration list for PBXNativeTarget "GorilaTest" */;
			buildPhases = (
				EE9838422375D118008747B9 /* Sources */,
				EE9838432375D118008747B9 /* Frameworks */,
				EE9838442375D118008747B9 /* Resources */,
			);
			buildRules = (
			);
			dependencies = (
			);
			name = GorilaTest;
			productName = GorilaTest;
			productReference = EE9838462375D118008747B9 /* GorilaTest.app */;
			productType = "com.apple.product-type.application";
		};
		EE98385B2375D11D008747B9 /* GorilaTestTests */ = {
			isa = PBXNativeTarget;
			buildConfigurationList = EE9838682375D11D008747B9 /* Build configuration list for PBXNativeTarget "GorilaTestTests" */;
			buildPhases = (
				EE9838582375D11D008747B9 /* Sources */,
				EE9838592375D11D008747B9 /* Frameworks */,
				EE98385A2375D11D008747B9 /* Resources */,
			);
			buildRules = (
			);
			dependencies = (
				EE98385E2375D11D008747B9 /* PBXTargetDependency */,
			);
			name = GorilaTestTests;
			productName = GorilaTestTests;
			productReference = EE98385C2375D11D008747B9 /* GorilaTestTests.xctest */;
			productType = "com.apple.product-type.bundle.unit-test";
		};
/* End PBXNativeTarget section */

/* Begin PBXProject section */
		EE98383E2375D118008747B9 /* Project object */ = {
			isa = PBXProject;
			attributes = {
				LastSwiftUpdateCheck = 1110;
				LastUpgradeCheck = 1110;
				ORGANIZATIONNAME = "Jorge Palacio";
				TargetAttributes = {
					EE9838452375D118008747B9 = {
						CreatedOnToolsVersion = 11.1;
					};
					EE98385B2375D11D008747B9 = {
						CreatedOnToolsVersion = 11.1;
						TestTargetID = EE9838452375D118008747B9;
					};
				};
			};
			buildConfigurationList = EE9838412375D118008747B9 /* Build configuration list for PBXProject "GorilaTest" */;
			compatibilityVersion = "Xcode 9.3";
			developmentRegion = en;
			hasScannedForEncodings = 0;
			knownRegions = (
				en,
				Base,
			);
			mainGroup = EE98383D2375D118008747B9;
			productRefGroup = EE9838472375D118008747B9 /* Products */;
			projectDirPath = "";
			projectRoot = "";
			targets = (
				EE9838452375D118008747B9 /* GorilaTest */,
				EE98385B2375D11D008747B9 /* GorilaTestTests */,
			);
		};
/* End PBXProject section */

/* Begin PBXResourcesBuildPhase section */
		EE9838442375D118008747B9 /* Resources */ = {
			isa = PBXResourcesBuildPhase;
			buildActionMask = 2147483647;
			files = (
				EE9838562375D11D008747B9 /* LaunchScreen.storyboard in Resources */,
				EE9838532375D11D008747B9 /* Assets.xcassets in Resources */,
				EE9838512375D118008747B9 /* Main.storyboard in Resources */,
			);
			runOnlyForDeploymentPostprocessing = 0;
		};
		EE98385A2375D11D008747B9 /* Resources */ = {
			isa = PBXResourcesBuildPhase;
			buildActionMask = 2147483647;
			files = (
			);
			runOnlyForDeploymentPostprocessing = 0;
		};
/* End PBXResourcesBuildPhase section */

/* Begin PBXSourcesBuildPhase section */
		EE9838422375D118008747B9 /* Sources */ = {
			isa = PBXSourcesBuildPhase;
			buildActionMask = 2147483647;
			files = (
				EE9838822375D80F008747B9 /* ItemCollectionViewCell.swift in Sources */,
				EE9838922375D8A5008747B9 /* ReceiptCollectionViewCell.swift in Sources */,
				EE98387E2375D71A008747B9 /* Recipe.swift in Sources */,
				EE9838842375D819008747B9 /* ProductsDataSource.swift in Sources */,
				EE98388A2375D84A008747B9 /* ReceiptViewController.swift in Sources */,
				EE9838802375D7EB008747B9 /* ProductsViewController.swift in Sources */,
				EE9838862375D829008747B9 /* ProductsWireframe.swift in Sources */,
				EE98388C2375D869008747B9 /* ReceiptWireframe.swift in Sources */,
				EE9838882375D832008747B9 /* ProductsPresenter.swift in Sources */,
				EE9838902375D891008747B9 /* ReceiptDatasource.swift in Sources */,
				EE98388E2375D877008747B9 /* ReceiptPresenter.swift in Sources */,
				EE98384A2375D118008747B9 /* AppDelegate.swift in Sources */,
			);
			runOnlyForDeploymentPostprocessing = 0;
		};
		EE9838582375D11D008747B9 /* Sources */ = {
			isa = PBXSourcesBuildPhase;
			buildActionMask = 2147483647;
			files = (
				EE9838612375D11D008747B9 /* GorilaTestTests.swift in Sources */,
			);
			runOnlyForDeploymentPostprocessing = 0;
		};
/* End PBXSourcesBuildPhase section */

/* Begin PBXTargetDependency section */
		EE98385E2375D11D008747B9 /* PBXTargetDependency */ = {
			isa = PBXTargetDependency;
			target = EE9838452375D118008747B9 /* GorilaTest */;
			targetProxy = EE98385D2375D11D008747B9 /* PBXContainerItemProxy */;
		};
/* End PBXTargetDependency section */

/* Begin PBXVariantGroup section */
		EE98384F2375D118008747B9 /* Main.storyboard */ = {
			isa = PBXVariantGroup;
			children = (
				EE9838502375D118008747B9 /* Base */,
			);
			name = Main.storyboard;
			sourceTree = "<group>";
		};
		EE9838542375D11D008747B9 /* LaunchScreen.storyboard */ = {
			isa = PBXVariantGroup;
			children = (
				EE9838552375D11D008747B9 /* Base */,
			);
			name = LaunchScreen.storyboard;
			sourceTree = "<group>";
		};
/* End PBXVariantGroup section */

/* Begin XCBuildConfiguration section */
		EE9838632375D11D008747B9 /* Debug */ = {
			isa = XCBuildConfiguration;
			buildSettings = {
				ALWAYS_SEARCH_USER_PATHS = NO;
				CLANG_ANALYZER_NONNULL = YES;
				CLANG_ANALYZER_NUMBER_OBJECT_CONVERSION = YES_AGGRESSIVE;
				CLANG_CXX_LANGUAGE_STANDARD = "gnu++14";
				CLANG_CXX_LIBRARY = "libc++";
				CLANG_ENABLE_MODULES = YES;
				CLANG_ENABLE_OBJC_ARC = YES;
				CLANG_ENABLE_OBJC_WEAK = YES;
				CLANG_WARN_BLOCK_CAPTURE_AUTORELEASING = YES;
				CLANG_WARN_BOOL_CONVERSION = YES;
				CLANG_WARN_COMMA = YES;
				CLANG_WARN_CONSTANT_CONVERSION = YES;
				CLANG_WARN_DEPRECATED_OBJC_IMPLEMENTATIONS = YES;
				CLANG_WARN_DIRECT_OBJC_ISA_USAGE = YES_ERROR;
				CLANG_WARN_DOCUMENTATION_COMMENTS = YES;
				CLANG_WARN_EMPTY_BODY = YES;
				CLANG_WARN_ENUM_CONVERSION = YES;
				CLANG_WARN_INFINITE_RECURSION = YES;
				CLANG_WARN_INT_CONVERSION = YES;
				CLANG_WARN_NON_LITERAL_NULL_CONVERSION = YES;
				CLANG_WARN_OBJC_IMPLICIT_RETAIN_SELF = YES;
				CLANG_WARN_OBJC_LITERAL_CONVERSION = YES;
				CLANG_WARN_OBJC_ROOT_CLASS = YES_ERROR;
				CLANG_WARN_RANGE_LOOP_ANALYSIS = YES;
				CLANG_WARN_STRICT_PROTOTYPES = YES;
				CLANG_WARN_SUSPICIOUS_MOVE = YES;
				CLANG_WARN_UNGUARDED_AVAILABILITY = YES_AGGRESSIVE;
				CLANG_WARN_UNREACHABLE_CODE = YES;
				CLANG_WARN__DUPLICATE_METHOD_MATCH = YES;
				COPY_PHASE_STRIP = NO;
				DEBUG_INFORMATION_FORMAT = dwarf;
				ENABLE_STRICT_OBJC_MSGSEND = YES;
				ENABLE_TESTABILITY = YES;
				GCC_C_LANGUAGE_STANDARD = gnu11;
				GCC_DYNAMIC_NO_PIC = NO;
				GCC_NO_COMMON_BLOCKS = YES;
				GCC_OPTIMIZATION_LEVEL = 0;
				GCC_PREPROCESSOR_DEFINITIONS = (
					"DEBUG=1",
					"$(inherited)",
				);
				GCC_WARN_64_TO_32_BIT_CONVERSION = YES;
				GCC_WARN_ABOUT_RETURN_TYPE = YES_ERROR;
				GCC_WARN_UNDECLARED_SELECTOR = YES;
				GCC_WARN_UNINITIALIZED_AUTOS = YES_AGGRESSIVE;
				GCC_WARN_UNUSED_FUNCTION = YES;
				GCC_WARN_UNUSED_VARIABLE = YES;
				IPHONEOS_DEPLOYMENT_TARGET = 13.1;
				MTL_ENABLE_DEBUG_INFO = INCLUDE_SOURCE;
				MTL_FAST_MATH = YES;
				ONLY_ACTIVE_ARCH = YES;
				SDKROOT = iphoneos;
				SWIFT_ACTIVE_COMPILATION_CONDITIONS = DEBUG;
				SWIFT_OPTIMIZATION_LEVEL = "-Onone";
			};
			name = Debug;
		};
		EE9838642375D11D008747B9 /* Release */ = {
			isa = XCBuildConfiguration;
			buildSettings = {
				ALWAYS_SEARCH_USER_PATHS = NO;
				CLANG_ANALYZER_NONNULL = YES;
				CLANG_ANALYZER_NUMBER_OBJECT_CONVERSION = YES_AGGRESSIVE;
				CLANG_CXX_LANGUAGE_STANDARD = "gnu++14";
				CLANG_CXX_LIBRARY = "libc++";
				CLANG_ENABLE_MODULES = YES;
				CLANG_ENABLE_OBJC_ARC = YES;
				CLANG_ENABLE_OBJC_WEAK = YES;
				CLANG_WARN_BLOCK_CAPTURE_AUTORELEASING = YES;
				CLANG_WARN_BOOL_CONVERSION = YES;
				CLANG_WARN_COMMA = YES;
				CLANG_WARN_CONSTANT_CONVERSION = YES;
				CLANG_WARN_DEPRECATED_OBJC_IMPLEMENTATIONS = YES;
				CLANG_WARN_DIRECT_OBJC_ISA_USAGE = YES_ERROR;
				CLANG_WARN_DOCUMENTATION_COMMENTS = YES;
				CLANG_WARN_EMPTY_BODY = YES;
				CLANG_WARN_ENUM_CONVERSION = YES;
				CLANG_WARN_INFINITE_RECURSION = YES;
				CLANG_WARN_INT_CONVERSION = YES;
				CLANG_WARN_NON_LITERAL_NULL_CONVERSION = YES;
				CLANG_WARN_OBJC_IMPLICIT_RETAIN_SELF = YES;
				CLANG_WARN_OBJC_LITERAL_CONVERSION = YES;
				CLANG_WARN_OBJC_ROOT_CLASS = YES_ERROR;
				CLANG_WARN_RANGE_LOOP_ANALYSIS = YES;
				CLANG_WARN_STRICT_PROTOTYPES = YES;
				CLANG_WARN_SUSPICIOUS_MOVE = YES;
				CLANG_WARN_UNGUARDED_AVAILABILITY = YES_AGGRESSIVE;
				CLANG_WARN_UNREACHABLE_CODE = YES;
				CLANG_WARN__DUPLICATE_METHOD_MATCH = YES;
				COPY_PHASE_STRIP = NO;
				DEBUG_INFORMATION_FORMAT = "dwarf-with-dsym";
				ENABLE_NS_ASSERTIONS = NO;
				ENABLE_STRICT_OBJC_MSGSEND = YES;
				GCC_C_LANGUAGE_STANDARD = gnu11;
				GCC_NO_COMMON_BLOCKS = YES;
				GCC_WARN_64_TO_32_BIT_CONVERSION = YES;
				GCC_WARN_ABOUT_RETURN_TYPE = YES_ERROR;
				GCC_WARN_UNDECLARED_SELECTOR = YES;
				GCC_WARN_UNINITIALIZED_AUTOS = YES_AGGRESSIVE;
				GCC_WARN_UNUSED_FUNCTION = YES;
				GCC_WARN_UNUSED_VARIABLE = YES;
				IPHONEOS_DEPLOYMENT_TARGET = 13.1;
				MTL_ENABLE_DEBUG_INFO = NO;
				MTL_FAST_MATH = YES;
				SDKROOT = iphoneos;
				SWIFT_COMPILATION_MODE = wholemodule;
				SWIFT_OPTIMIZATION_LEVEL = "-O";
				VALIDATE_PRODUCT = YES;
			};
			name = Release;
		};
		EE9838662375D11D008747B9 /* Debug */ = {
			isa = XCBuildConfiguration;
			buildSettings = {
				ASSETCATALOG_COMPILER_APPICON_NAME = AppIcon;
				CODE_SIGN_STYLE = Automatic;
				INFOPLIST_FILE = GorilaTest/Info.plist;
				LD_RUNPATH_SEARCH_PATHS = (
					"$(inherited)",
					"@executable_path/Frameworks",
				);
				PRODUCT_BUNDLE_IDENTIFIER = com.personal.GorilaTest;
				PRODUCT_NAME = "$(TARGET_NAME)";
				SWIFT_VERSION = 5.0;
				TARGETED_DEVICE_FAMILY = 1;
			};
			name = Debug;
		};
		EE9838672375D11D008747B9 /* Release */ = {
			isa = XCBuildConfiguration;
			buildSettings = {
				ASSETCATALOG_COMPILER_APPICON_NAME = AppIcon;
				CODE_SIGN_STYLE = Automatic;
				INFOPLIST_FILE = GorilaTest/Info.plist;
				LD_RUNPATH_SEARCH_PATHS = (
					"$(inherited)",
					"@executable_path/Frameworks",
				);
				PRODUCT_BUNDLE_IDENTIFIER = com.personal.GorilaTest;
				PRODUCT_NAME = "$(TARGET_NAME)";
				SWIFT_VERSION = 5.0;
				TARGETED_DEVICE_FAMILY = 1;
			};
			name = Release;
		};
		EE9838692375D11D008747B9 /* Debug */ = {
			isa = XCBuildConfiguration;
			buildSettings = {
				ALWAYS_EMBED_SWIFT_STANDARD_LIBRARIES = YES;
				BUNDLE_LOADER = "$(TEST_HOST)";
				CODE_SIGN_STYLE = Automatic;
				INFOPLIST_FILE = GorilaTestTests/Info.plist;
				IPHONEOS_DEPLOYMENT_TARGET = 13.1;
				LD_RUNPATH_SEARCH_PATHS = (
					"$(inherited)",
					"@executable_path/Frameworks",
					"@loader_path/Frameworks",
				);
				PRODUCT_BUNDLE_IDENTIFIER = com.personal.GorilaTestTests;
				PRODUCT_NAME = "$(TARGET_NAME)";
				SWIFT_VERSION = 5.0;
				TARGETED_DEVICE_FAMILY = "1,2";
				TEST_HOST = "$(BUILT_PRODUCTS_DIR)/GorilaTest.app/GorilaTest";
			};
			name = Debug;
		};
		EE98386A2375D11D008747B9 /* Release */ = {
			isa = XCBuildConfiguration;
			buildSettings = {
				ALWAYS_EMBED_SWIFT_STANDARD_LIBRARIES = YES;
				BUNDLE_LOADER = "$(TEST_HOST)";
				CODE_SIGN_STYLE = Automatic;
				INFOPLIST_FILE = GorilaTestTests/Info.plist;
				IPHONEOS_DEPLOYMENT_TARGET = 13.1;
				LD_RUNPATH_SEARCH_PATHS = (
					"$(inherited)",
					"@executable_path/Frameworks",
					"@loader_path/Frameworks",
				);
				PRODUCT_BUNDLE_IDENTIFIER = com.personal.GorilaTestTests;
				PRODUCT_NAME = "$(TARGET_NAME)";
				SWIFT_VERSION = 5.0;
				TARGETED_DEVICE_FAMILY = "1,2";
				TEST_HOST = "$(BUILT_PRODUCTS_DIR)/GorilaTest.app/GorilaTest";
			};
			name = Release;
		};
/* End XCBuildConfiguration section */

/* Begin XCConfigurationList section */
		EE9838412375D118008747B9 /* Build configuration list for PBXProject "GorilaTest" */ = {
			isa = XCConfigurationList;
			buildConfigurations = (
				EE9838632375D11D008747B9 /* Debug */,
				EE9838642375D11D008747B9 /* Release */,
			);
			defaultConfigurationIsVisible = 0;
			defaultConfigurationName = Release;
		};
		EE9838652375D11D008747B9 /* Build configuration list for PBXNativeTarget "GorilaTest" */ = {
			isa = XCConfigurationList;
			buildConfigurations = (
				EE9838662375D11D008747B9 /* Debug */,
				EE9838672375D11D008747B9 /* Release */,
			);
			defaultConfigurationIsVisible = 0;
			defaultConfigurationName = Release;
		};
		EE9838682375D11D008747B9 /* Build configuration list for PBXNativeTarget "GorilaTestTests" */ = {
			isa = XCConfigurationList;
			buildConfigurations = (
				EE9838692375D11D008747B9 /* Debug */,
				EE98386A2375D11D008747B9 /* Release */,
			);
			defaultConfigurationIsVisible = 0;
			defaultConfigurationName = Release;
		};
/* End XCConfigurationList section */
	};
	rootObject = EE98383E2375D118008747B9 /* Project object */;
}
